{
  "name": "psmod",
  "version": "1.0.0",
  "lockfileVersion": 1,
  "requires": true,
  "dependencies": {
    "jpesos": {
      "version": "2.0.1",
      "resolved": "https://registry.npmjs.org/jpesos/-/jpesos-2.0.1.tgz",
      "integrity": "sha512-atqJARHQ4pkVgWx+3W1d3RsnDA+hMvkUH50LbBMWW2R+o6zC+R3UZw/79npmAduk78q2xiA6X8J/N4j0ygfYKg=="
    },
    "kc-dwalk": {
      "version": "1.0.9",
      "resolved": "https://registry.npmjs.org/kc-dwalk/-/kc-dwalk-1.0.9.tgz",
      "integrity": "sha512-IA48lM8RZhro7n4duLXAY5wCOMrfuewCqMhydyuPBSNzqOHXMHYc8xM1q7YnBLwla7nsgWzaRPqwiKjOj8GOSQ=="
    },
    "kc-fread": {
      "version": "1.0.2",
      "resolved": "https://registry.npmjs.org/kc-fread/-/kc-fread-1.0.2.tgz",
      "integrity": "sha512-f5CjjnLwF4kL/ec2CtOe2TXHpVLxUuqFo3ys18pS00Ou7kdZi/6NVSIuBg/0A8rACFaWvvYP9UqgXUH2rv3mVQ=="
    },
    "kc-fwalk": {
      "version": "1.0.5",
      "resolved": "https://registry.npmjs.org/kc-fwalk/-/kc-fwalk-1.0.5.tgz",
      "integrity": "sha512-bpw7Nc7pTOtU9hM+QhkyvCivSslDlfZRXVugWQhUnKBQ0vvUCA/IB7z1MZ+MSS+tgom5z510ZPDS96cWbn5j4Q=="
    },
    "kc-fwrite": {
      "version": "1.0.3",
      "resolved": "https://registry.npmjs.org/kc-fwrite/-/kc-fwrite-1.0.3.tgz",
      "integrity": "sha512-o6u6f1caSELvOZqO3lbgHBizVUDkKmTcdw69kRHjCkAzWFbNybdNMGdiLwsLAOVdFCxEk6xat8wOKL6i477Fsg=="
    },
    "kc-rmcomm": {
      "version": "1.0.2",
      "resolved": "https://registry.npmjs.org/kc-rmcomm/-/kc-rmcomm-1.0.2.tgz",
      "integrity": "sha512-XgY8+gQaLkumAEaktCTIZFLzjubmWBhgsA8eTQAjNwtk6EMkZ/8pCLnGdQUWbb4xtYuo84E5dHUgj4IDRx8lqQ=="
    },
    "kc-strmin": {
      "version": "1.0.0",
      "resolved": "https://registry.npmjs.org/kc-strmin/-/kc-strmin-1.0.0.tgz",
      "integrity": "sha512-rueKJTVw7jZ6uCDmB/CFNye3FscdlbMUu8izVFxoBPJ1EnWH0slkEu9U88o7rXESZJjGqesXL4RSzbcQ/i3Wog=="
    },
    "kc-strrepl": {
      "version": "1.0.1",
      "resolved": "https://registry.npmjs.org/kc-strrepl/-/kc-strrepl-1.0.1.tgz",
      "integrity": "sha512-TYU8RaWpj8DZxBOBmt0HeWo3xRgqAr38o08C16laxg9vybtoui80GcJqgSd+WCd99Zg8QzVo4eF0zcHBN8Cj9w=="
    },
    "t2js": {
      "version": "2.1.6",
      "resolved": "https://registry.npmjs.org/t2js/-/t2js-2.1.6.tgz",
      "integrity": "sha512-h7oXhKECi42e+1k2lxnXgbYtU/qefGmk+UJCoxBvhrJLNAPpi4msreSlG1kCB5Ckkwpxy3vOF7qVbpi65W3NBA=="
    }
  }
}
