{
  "name": "ps-mod",
  "version": "1.0.0",
  "lockfileVersion": 1,
  "requires": true,
  "dependencies": {
    "fun2mod": {
      "version": "1.0.5",
      "resolved": "https://registry.npmjs.org/fun2mod/-/fun2mod-1.0.5.tgz",
      "integrity": "sha512-v20RK2JXnuUXjvoALMduQLwT+e36YUUTcP7CQtHlOuDVp8OTu7IHYNd0PbFn+osDLbgXaa/eb4plAo5HHIiZZg=="
    },
    "jpesos": {
      "version": "2.0.11",
      "resolved": "https://registry.npmjs.org/jpesos/-/jpesos-2.0.11.tgz",
      "integrity": "sha512-TfAVE/33UaIM+g1qsoXd1d3S2vzCcsVMa7zWVkhBOZlapB0wU7IXUgHcWPef9JzFxi66RVJmBAyKtm56PY1ouw=="
    },
    "kc-ddel": {
      "version": "1.0.9",
      "resolved": "https://registry.npmjs.org/kc-ddel/-/kc-ddel-1.0.9.tgz",
      "integrity": "sha512-enFXnhClisK5f566gSDbWGxcz8OHVDUbBgNYPaqXcrDF+y7aMGsCuB8tKxzwkx7+ZS0gJg69iVAzTnzHSmxWeA=="
    },
    "kc-dwalk": {
      "version": "1.0.15",
      "resolved": "https://registry.npmjs.org/kc-dwalk/-/kc-dwalk-1.0.15.tgz",
      "integrity": "sha512-LSU8VWQLYK3H4at90F7V8DLtuxJ5gnkvd8hDgNubPHMGejtPN6uzgdFKlEuvzf351hU2CVRgxvZf/Houg8b+Wg=="
    },
    "kc-fread": {
      "version": "1.0.7",
      "resolved": "https://registry.npmjs.org/kc-fread/-/kc-fread-1.0.7.tgz",
      "integrity": "sha512-lpjBe7hKRhutwMSh4s9nqskLVUXQTmWlGkaEJLynY4uZ7G8Djmx5YfqDNwdBFvzUrVpTdHrrl04WOofadwwx6g=="
    },
    "kc-fwalk": {
      "version": "1.0.10",
      "resolved": "https://registry.npmjs.org/kc-fwalk/-/kc-fwalk-1.0.10.tgz",
      "integrity": "sha512-/ohGUpGk6PZ9/+Sie+v1SBtus5GIOL22ntjnHewsRdmYxGO29cx+hdHjJ/G5v0rr8QxMaGjisE4DyNdrb1koAw=="
    },
    "kc-fwrite": {
      "version": "1.0.6",
      "resolved": "https://registry.npmjs.org/kc-fwrite/-/kc-fwrite-1.0.6.tgz",
      "integrity": "sha512-Xv9WkBdlnOAP+oMWTrIAnRkjm3Q98t9VV7mkBCJ68JWDTgTvjwlqbk/0DrnQEI178uKWprUm1pAd4jhZUc/aMg=="
    },
    "kc-mkdir": {
      "version": "1.0.3",
      "resolved": "https://registry.npmjs.org/kc-mkdir/-/kc-mkdir-1.0.3.tgz",
      "integrity": "sha512-E1lEkB7At/x1f5Kdk3dYOeIK7kAEaIQO1/60rpmAoyRllpKPVeIFw+y06gRzNm33JPnsMiJclpH/oHPemd1hxA=="
    },
    "kc-rmcomm": {
      "version": "1.0.10",
      "resolved": "https://registry.npmjs.org/kc-rmcomm/-/kc-rmcomm-1.0.10.tgz",
      "integrity": "sha512-5t2w5kryWBin30RkWJwUYKeYtj6OqRszp25tST+oRy0p7QlKPCJMXya2bBW1mlHnYhnsLV7W2Q2XeUvlX8uPCQ==",
      "requires": {
        "fun2mod": "^1.0.5"
      }
    },
    "kc-strmin": {
      "version": "1.0.3",
      "resolved": "https://registry.npmjs.org/kc-strmin/-/kc-strmin-1.0.3.tgz",
      "integrity": "sha512-AhXPsoc3U0BO4zioLOepAdta37Jxq4asQN3XI4xxnDcS+8MQ5Si/85jHOA94emc6itwCLjv0hGA4A31sP1PWIA==",
      "requires": {
        "fun2mod": "^1.0.5"
      }
    },
    "kc-strrepl": {
      "version": "1.0.5",
      "resolved": "https://registry.npmjs.org/kc-strrepl/-/kc-strrepl-1.0.5.tgz",
      "integrity": "sha512-H+mENgQhK2t5CyKa++BgXitlRJxTkM6PvwjZ3IuiS9rednh9MUdvhhDZ9lvOrW4ERl0O4W9kVI0o9ooA1n3xaw==",
      "requires": {
        "fun2mod": "^1.0.5"
      }
    },
    "kc-watch": {
      "version": "1.0.7",
      "resolved": "https://registry.npmjs.org/kc-watch/-/kc-watch-1.0.7.tgz",
      "integrity": "sha512-HsRv3Dr6AmNFr21tS6p9y8MTKBGlWHBeda3n/Utnalui4ybiadrRhCnDbOwNmuCzoD1Gpqzrw8kD5U5E6Hb2nw=="
    },
    "t2js": {
      "version": "2.2.6",
      "resolved": "https://registry.npmjs.org/t2js/-/t2js-2.2.6.tgz",
      "integrity": "sha512-ycjhdXYg56yiBsGu1++DjKlDxc9540PRTQ9+iaBVi2/tSseaSAZXPjtKc53Guy41bCkVLJk9PdDv7BLt+QrkEA=="
    }
  }
}
